
Microsoft Visual Studio Solution File, Format Version 12.00
# Visual Studio Version 16
VisualStudioVersion = 16.0.29911.84
MinimumVisualStudioVersion = 10.0.40219.1
Project("{9A19103F-16F7-4668-BE54-9A1E7A4F7556}") = "TelegramUploader", "TelegramUploader\TelegramUploader.csproj", "{AF28DA89-8726-436A-86E1-6848D3750C4C}"
EndProject
Global
	GlobalSection(SolutionConfigurationPlatforms) = preSolution
		Debug|Any CPU = Debug|Any CPU
		Release|Any CPU = Release|Any CPU
	EndGlobalSection
	GlobalSection(ProjectConfigurationPlatforms) = postSolution
		{AF28DA89-8726-436A-86E1-6848D3750C4C}.Debug|Any CPU.ActiveCfg = Debug|Any CPU
		{AF28DA89-8726-436A-86E1-6848D3750C4C}.Debug|Any CPU.Build.0 = Debug|Any CPU
		{AF28DA89-8726-436A-86E1-6848D3750C4C}.Release|Any CPU.ActiveCfg = Release|Any CPU
		{AF28DA89-8726-436A-86E1-6848D3750C4C}.Release|Any CPU.Build.0 = Release|Any CPU
	EndGlobalSection
	GlobalSection(SolutionProperties) = preSolution
		HideSolutionNode = FALSE
	EndGlobalSection
	GlobalSection(ExtensibilityGlobals) = postSolution
		SolutionGuid = {FAF8EE3C-26A9-42BE-95A9-39358AD3403B}
	EndGlobalSection
EndGlobal
